// !$*UTF8*$!
{
	archiveVersion = 1;
	classes = {
	};
	objectVersion = 46;
	objects = {

/* Begin PBXBuildFile section */
		46E112BE16AF2FEB002B8DD7 /* UIKit.framework in Frameworks */ = {isa = PBXBuildFile; fileRef = 46E112BD16AF2FEB002B8DD7 /* UIKit.framework */; };
		46E112C016AF2FEB002B8DD7 /* Foundation.framework in Frameworks */ = {isa = PBXBuildFile; fileRef = 46E112BF16AF2FEB002B8DD7 /* Foundation.framework */; };
		46E112C216AF2FEB002B8DD7 /* CoreGraphics.framework in Frameworks */ = {isa = PBXBuildFile; fileRef = 46E112C116AF2FEB002B8DD7 /* CoreGraphics.framework */; };
		46E112C816AF2FEB002B8DD7 /* InfoPlist.strings in Resources */ = {isa = PBXBuildFile; fileRef = 46E112C616AF2FEB002B8DD7 /* InfoPlist.strings */; };
		46E112CA16AF2FEB002B8DD7 /* main.m in Sources */ = {isa = PBXBuildFile; fileRef = 46E112C916AF2FEB002B8DD7 /* main.m */; };
		46E112CE16AF2FEB002B8DD7 /* AppDelegate.m in Sources */ = {isa = PBXBuildFile; fileRef = 46E112CD16AF2FEB002B8DD7 /* AppDelegate.m */; };
		46E112D016AF2FEB002B8DD7 /* Default.png in Resources */ = {isa = PBXBuildFile; fileRef = 46E112CF16AF2FEB002B8DD7 /* Default.png */; };
		46E112D216AF2FEB002B8DD7 /* Default@2x.png in Resources */ = {isa = PBXBuildFile; fileRef = 46E112D116AF2FEB002B8DD7 /* Default@2x.png */; };
		46E112D416AF2FEB002B8DD7 /* Default-568h@2x.png in Resources */ = {isa = PBXBuildFile; fileRef = 46E112D316AF2FEB002B8DD7 /* Default-568h@2x.png */; };
		46E112D716AF2FEB002B8DD7 /* MasterViewController.m in Sources */ = {isa = PBXBuildFile; fileRef = 46E112D616AF2FEB002B8DD7 /* MasterViewController.m */; };
		46E112DA16AF2FEB002B8DD7 /* DetailViewController.m in Sources */ = {isa = PBXBuildFile; fileRef = 46E112D916AF2FEB002B8DD7 /* DetailViewController.m */; };
		46E112DD16AF2FEB002B8DD7 /* MasterViewController.xib in Resources */ = {isa = PBXBuildFile; fileRef = 46E112DB16AF2FEB002B8DD7 /* MasterViewController.xib */; };
		46E112E016AF2FEB002B8DD7 /* DetailViewController.xib in Resources */ = {isa = PBXBuildFile; fileRef = 46E112DE16AF2FEB002B8DD7 /* DetailViewController.xib */; };
/* End PBXBuildFile section */

/* Begin PBXFileReference section */
		46E112B916AF2FEB002B8DD7 /* UsefulToolsDemo.app */ = {isa = PBXFileReference; explicitFileType = wrapper.application; includeInIndex = 0; path = UsefulToolsDemo.app; sourceTree = BUILT_PRODUCTS_DIR; };
		46E112BD16AF2FEB002B8DD7 /* UIKit.framework */ = {isa = PBXFileReference; lastKnownFileType = wrapper.framework; name = UIKit.framework; path = System/Library/Frameworks/UIKit.framework; sourceTree = SDKROOT; };
		46E112BF16AF2FEB002B8DD7 /* Foundation.framework */ = {isa = PBXFileReference; lastKnownFileType = wrapper.framework; name = Foundation.framework; path = System/Library/Frameworks/Foundation.framework; sourceTree = SDKROOT; };
		46E112C116AF2FEB002B8DD7 /* CoreGraphics.framework */ = {isa = PBXFileReference; lastKnownFileType = wrapper.framework; name = CoreGraphics.framework; path = System/Library/Frameworks/CoreGraphics.framework; sourceTree = SDKROOT; };
		46E112C516AF2FEB002B8DD7 /* UsefulToolsDemo-Info.plist */ = {isa = PBXFileReference; lastKnownFileType = text.plist.xml; path = "UsefulToolsDemo-Info.plist"; sourceTree = "<group>"; };
		46E112C716AF2FEB002B8DD7 /* en */ = {isa = PBXFileReference; lastKnownFileType = text.plist.strings; name = en; path = en.lproj/InfoPlist.strings; sourceTree = "<group>"; };
		46E112C916AF2FEB002B8DD7 /* main.m */ = {isa = PBXFileReference; lastKnownFileType = sourcecode.c.objc; path = main.m; sourceTree = "<group>"; };
		46E112CB16AF2FEB002B8DD7 /* UsefulToolsDemo-Prefix.pch */ = {isa = PBXFileReference; lastKnownFileType = sourcecode.c.h; path = "UsefulToolsDemo-Prefix.pch"; sourceTree = "<group>"; };
		46E112CC16AF2FEB002B8DD7 /* AppDelegate.h */ = {isa = PBXFileReference; lastKnownFileType = sourcecode.c.h; path = AppDelegate.h; sourceTree = "<group>"; };
		46E112CD16AF2FEB002B8DD7 /* AppDelegate.m */ = {isa = PBXFileReference; lastKnownFileType = sourcecode.c.objc; path = AppDelegate.m; sourceTree = "<group>"; };
		46E112CF16AF2FEB002B8DD7 /* Default.png */ = {isa = PBXFileReference; lastKnownFileType = image.png; path = Default.png; sourceTree = "<group>"; };
		46E112D116AF2FEB002B8DD7 /* Default@2x.png */ = {isa = PBXFileReference; lastKnownFileType = image.png; path = "Default@2x.png"; sourceTree = "<group>"; };
		46E112D316AF2FEB002B8DD7 /* Default-568h@2x.png */ = {isa = PBXFileReference; lastKnownFileType = image.png; path = "Default-568h@2x.png"; sourceTree = "<group>"; };
		46E112D516AF2FEB002B8DD7 /* MasterViewController.h */ = {isa = PBXFileReference; lastKnownFileType = sourcecode.c.h; path = MasterViewController.h; sourceTree = "<group>"; };
		46E112D616AF2FEB002B8DD7 /* MasterViewController.m */ = {isa = PBXFileReference; lastKnownFileType = sourcecode.c.objc; path = MasterViewController.m; sourceTree = "<group>"; };
		46E112D816AF2FEB002B8DD7 /* DetailViewController.h */ = {isa = PBXFileReference; lastKnownFileType = sourcecode.c.h; path = DetailViewController.h; sourceTree = "<group>"; };
		46E112D916AF2FEB002B8DD7 /* DetailViewController.m */ = {isa = PBXFileReference; lastKnownFileType = sourcecode.c.objc; path = DetailViewController.m; sourceTree = "<group>"; };
		46E112DC16AF2FEB002B8DD7 /* en */ = {isa = PBXFileReference; lastKnownFileType = file.xib; name = en; path = en.lproj/MasterViewController.xib; sourceTree = "<group>"; };
		46E112DF16AF2FEB002B8DD7 /* en */ = {isa = PBXFileReference; lastKnownFileType = file.xib; name = en; path = en.lproj/DetailViewController.xib; sourceTree = "<group>"; };
/* End PBXFileReference section */

/* Begin PBXFrameworksBuildPhase section */
		46E112B616AF2FEB002B8DD7 /* Frameworks */ = {
			isa = PBXFrameworksBuildPhase;
			buildActionMask = 2147483647;
			files = (
				46E112BE16AF2FEB002B8DD7 /* UIKit.framework in Frameworks */,
				46E112C016AF2FEB002B8DD7 /* Foundation.framework in Frameworks */,
				46E112C216AF2FEB002B8DD7 /* CoreGraphics.framework in Frameworks */,
			);
			runOnlyForDeploymentPostprocessing = 0;
		};
/* End PBXFrameworksBuildPhase section */

/* Begin PBXGroup section */
		46E112AE16AF2FEB002B8DD7 = {
			isa = PBXGroup;
			children = (
				46E112C316AF2FEB002B8DD7 /* UsefulToolsDemo */,
				46E112BC16AF2FEB002B8DD7 /* Frameworks */,
				46E112BA16AF2FEB002B8DD7 /* Products */,
			);
			sourceTree = "<group>";
		};
		46E112BA16AF2FEB002B8DD7 /* Products */ = {
			isa = PBXGroup;
			children = (
				46E112B916AF2FEB002B8DD7 /* UsefulToolsDemo.app */,
			);
			name = Products;
			sourceTree = "<group>";
		};
		46E112BC16AF2FEB002B8DD7 /* Frameworks */ = {
			isa = PBXGroup;
			children = (
				46E112BD16AF2FEB002B8DD7 /* UIKit.framework */,
				46E112BF16AF2FEB002B8DD7 /* Foundation.framework */,
				46E112C116AF2FEB002B8DD7 /* CoreGraphics.framework */,
			);
			name = Frameworks;
			sourceTree = "<group>";
		};
		46E112C316AF2FEB002B8DD7 /* UsefulToolsDemo */ = {
			isa = PBXGroup;
			children = (
				46E112CC16AF2FEB002B8DD7 /* AppDelegate.h */,
				46E112CD16AF2FEB002B8DD7 /* AppDelegate.m */,
				46E112D516AF2FEB002B8DD7 /* MasterViewController.h */,
				46E112D616AF2FEB002B8DD7 /* MasterViewController.m */,
				46E112D816AF2FEB002B8DD7 /* DetailViewController.h */,
				46E112D916AF2FEB002B8DD7 /* DetailViewController.m */,
				46E112DB16AF2FEB002B8DD7 /* MasterViewController.xib */,
				46E112DE16AF2FEB002B8DD7 /* DetailViewController.xib */,
				46E112C416AF2FEB002B8DD7 /* Supporting Files */,
			);
			path = UsefulToolsDemo;
			sourceTree = "<group>";
		};
		46E112C416AF2FEB002B8DD7 /* Supporting Files */ = {
			isa = PBXGroup;
			children = (
				46E112C516AF2FEB002B8DD7 /* UsefulToolsDemo-Info.plist */,
				46E112C616AF2FEB002B8DD7 /* InfoPlist.strings */,
				46E112C916AF2FEB002B8DD7 /* main.m */,
				46E112CB16AF2FEB002B8DD7 /* UsefulToolsDemo-Prefix.pch */,
				46E112CF16AF2FEB002B8DD7 /* Default.png */,
				46E112D116AF2FEB002B8DD7 /* Default@2x.png */,
				46E112D316AF2FEB002B8DD7 /* Default-568h@2x.png */,
			);
			name = "Supporting Files";
			sourceTree = "<group>";
		};
/* End PBXGroup section */

/* Begin PBXNativeTarget section */
		46E112B816AF2FEB002B8DD7 /* UsefulToolsDemo */ = {
			isa = PBXNativeTarget;
			buildConfigurationList = 46E112E316AF2FEB002B8DD7 /* Build configuration list for PBXNativeTarget "UsefulToolsDemo" */;
			buildPhases = (
				46E112B516AF2FEB002B8DD7 /* Sources */,
				46E112B616AF2FEB002B8DD7 /* Frameworks */,
				46E112B716AF2FEB002B8DD7 /* Resources */,
			);
			buildRules = (
			);
			dependencies = (
			);
			name = UsefulToolsDemo;
			productName = UsefulToolsDemo;
			productReference = 46E112B916AF2FEB002B8DD7 /* UsefulToolsDemo.app */;
			productType = "com.apple.product-type.application";
		};
/* End PBXNativeTarget section */

/* Begin PBXProject section */
		46E112B016AF2FEB002B8DD7 /* Project object */ = {
			isa = PBXProject;
			attributes = {
				LastUpgradeCheck = 0450;
				ORGANIZATIONNAME = "Craig Clayton";
			};
			buildConfigurationList = 46E112B316AF2FEB002B8DD7 /* Build configuration list for PBXProject "UsefulToolsDemo" */;
			compatibilityVersion = "Xcode 3.2";
			developmentRegion = English;
			hasScannedForEncodings = 0;
			knownRegions = (
				en,
			);
			mainGroup = 46E112AE16AF2FEB002B8DD7;
			productRefGroup = 46E112BA16AF2FEB002B8DD7 /* Products */;
			projectDirPath = "";
			projectRoot = "";
			targets = (
				46E112B816AF2FEB002B8DD7 /* UsefulToolsDemo */,
			);
		};
/* End PBXProject section */

/* Begin PBXResourcesBuildPhase section */
		46E112B716AF2FEB002B8DD7 /* Resources */ = {
			isa = PBXResourcesBuildPhase;
			buildActionMask = 2147483647;
			files = (
				46E112C816AF2FEB002B8DD7 /* InfoPlist.strings in Resources */,
				46E112D016AF2FEB002B8DD7 /* Default.png in Resources */,
				46E112D216AF2FEB002B8DD7 /* Default@2x.png in Resources */,
				46E112D416AF2FEB002B8DD7 /* Default-568h@2x.png in Resources */,
				46E112DD16AF2FEB002B8DD7 /* MasterViewController.xib in Resources */,
				46E112E016AF2FEB002B8DD7 /* DetailViewController.xib in Resources */,
			);
			runOnlyForDeploymentPostprocessing = 0;
		};
/* End PBXResourcesBuildPhase section */

/* Begin PBXSourcesBuildPhase section */
		46E112B516AF2FEB002B8DD7 /* Sources */ = {
			isa = PBXSourcesBuildPhase;
			buildActionMask = 2147483647;
			files = (
				46E112CA16AF2FEB002B8DD7 /* main.m in Sources */,
				46E112CE16AF2FEB002B8DD7 /* AppDelegate.m in Sources */,
				46E112D716AF2FEB002B8DD7 /* MasterViewController.m in Sources */,
				46E112DA16AF2FEB002B8DD7 /* DetailViewController.m in Sources */,
			);
			runOnlyForDeploymentPostprocessing = 0;
		};
/* End PBXSourcesBuildPhase section */

/* Begin PBXVariantGroup section */
		46E112C616AF2FEB002B8DD7 /* InfoPlist.strings */ = {
			isa = PBXVariantGroup;
			children = (
				46E112C716AF2FEB002B8DD7 /* en */,
			);
			name = InfoPlist.strings;
			sourceTree = "<group>";
		};
		46E112DB16AF2FEB002B8DD7 /* MasterViewController.xib */ = {
			isa = PBXVariantGroup;
			children = (
				46E112DC16AF2FEB002B8DD7 /* en */,
			);
			name = MasterViewController.xib;
			sourceTree = "<group>";
		};
		46E112DE16AF2FEB002B8DD7 /* DetailViewController.xib */ = {
			isa = PBXVariantGroup;
			children = (
				46E112DF16AF2FEB002B8DD7 /* en */,
			);
			name = DetailViewController.xib;
			sourceTree = "<group>";
		};
/* End PBXVariantGroup section */

/* Begin XCBuildConfiguration section */
		46E112E116AF2FEB002B8DD7 /* Debug */ = {
			isa = XCBuildConfiguration;
			buildSettings = {
				ALWAYS_SEARCH_USER_PATHS = NO;
				CLANG_CXX_LANGUAGE_STANDARD = "gnu++0x";
				CLANG_CXX_LIBRARY = "libc++";
				CLANG_ENABLE_OBJC_ARC = YES;
				CLANG_WARN_EMPTY_BODY = YES;
				CLANG_WARN__DUPLICATE_METHOD_MATCH = YES;
				"CODE_SIGN_IDENTITY[sdk=iphoneos*]" = "iPhone Developer";
				COPY_PHASE_STRIP = NO;
				GCC_C_LANGUAGE_STANDARD = gnu99;
				GCC_DYNAMIC_NO_PIC = NO;
				GCC_OPTIMIZATION_LEVEL = 0;
				GCC_PREPROCESSOR_DEFINITIONS = (
					"DEBUG=1",
					"$(inherited)",
				);
				GCC_SYMBOLS_PRIVATE_EXTERN = NO;
				GCC_WARN_ABOUT_RETURN_TYPE = YES;
				GCC_WARN_UNINITIALIZED_AUTOS = YES;
				GCC_WARN_UNUSED_VARIABLE = YES;
				IPHONEOS_DEPLOYMENT_TARGET = 6.0;
				ONLY_ACTIVE_ARCH = YES;
				SDKROOT = iphoneos;
			};
			name = Debug;
		};
		46E112E216AF2FEB002B8DD7 /* Release */ = {
			isa = XCBuildConfiguration;
			buildSettings = {
				ALWAYS_SEARCH_USER_PATHS = NO;
				CLANG_CXX_LANGUAGE_STANDARD = "gnu++0x";
				CLANG_CXX_LIBRARY = "libc++";
				CLANG_ENABLE_OBJC_ARC = YES;
				CLANG_WARN_EMPTY_BODY = YES;
				CLANG_WARN__DUPLICATE_METHOD_MATCH = YES;
				"CODE_SIGN_IDENTITY[sdk=iphoneos*]" = "iPhone Developer";
				COPY_PHASE_STRIP = YES;
				GCC_C_LANGUAGE_STANDARD = gnu99;
				GCC_WARN_ABOUT_RETURN_TYPE = YES;
				GCC_WARN_UNINITIALIZED_AUTOS = YES;
				GCC_WARN_UNUSED_VARIABLE = YES;
				IPHONEOS_DEPLOYMENT_TARGET = 6.0;
				OTHER_CFLAGS = "-DNS_BLOCK_ASSERTIONS=1";
				SDKROOT = iphoneos;
				VALIDATE_PRODUCT = YES;
			};
			name = Release;
		};
		46E112E416AF2FEB002B8DD7 /* Debug */ = {
			isa = XCBuildConfiguration;
			buildSettings = {
				GCC_PRECOMPILE_PREFIX_HEADER = YES;
				GCC_PREFIX_HEADER = "UsefulToolsDemo/UsefulToolsDemo-Prefix.pch";
				INFOPLIST_FILE = "UsefulToolsDemo/UsefulToolsDemo-Info.plist";
				PRODUCT_NAME = "$(TARGET_NAME)";
				WRAPPER_EXTENSION = app;
			};
			name = Debug;
		};
		46E112E516AF2FEB002B8DD7 /* Release */ = {
			isa = XCBuildConfiguration;
			buildSettings = {
				GCC_PRECOMPILE_PREFIX_HEADER = YES;
				GCC_PREFIX_HEADER = "UsefulToolsDemo/UsefulToolsDemo-Prefix.pch";
				INFOPLIST_FILE = "UsefulToolsDemo/UsefulToolsDemo-Info.plist";
				PRODUCT_NAME = "$(TARGET_NAME)";
				WRAPPER_EXTENSION = app;
			};
			name = Release;
		};
/* End XCBuildConfiguration section */

/* Begin XCConfigurationList section */
		46E112B316AF2FEB002B8DD7 /* Build configuration list for PBXProject "UsefulToolsDemo" */ = {
			isa = XCConfigurationList;
			buildConfigurations = (
				46E112E116AF2FEB002B8DD7 /* Debug */,
				46E112E216AF2FEB002B8DD7 /* Release */,
			);
			defaultConfigurationIsVisible = 0;
			defaultConfigurationName = Release;
		};
		46E112E316AF2FEB002B8DD7 /* Build configuration list for PBXNativeTarget "UsefulToolsDemo" */ = {
			isa = XCConfigurationList;
			buildConfigurations = (
				46E112E416AF2FEB002B8DD7 /* Debug */,
				46E112E516AF2FEB002B8DD7 /* Release */,
			);
			defaultConfigurationIsVisible = 0;
		};
/* End XCConfigurationList section */
	};
	rootObject = 46E112B016AF2FEB002B8DD7 /* Project object */;
}
